
Microsoft Visual Studio Solution File, Format Version 12.00
# Visual Studio Version 17
VisualStudioVersion = 17.5.002.0
MinimumVisualStudioVersion = 10.0.40219.1
Project("{9A19103F-16F7-4668-BE54-9A1E7A4F7556}") = "API", "API.csproj", "{7350D039-F2B4-433F-976F-52CB1F052A05}"
EndProject
Global
	GlobalSection(SolutionConfigurationPlatforms) = preSolution
		Debug|Any CPU = Debug|Any CPU
		Release|Any CPU = Release|Any CPU
	EndGlobalSection
	GlobalSection(ProjectConfigurationPlatforms) = postSolution
		{7350D039-F2B4-433F-976F-52CB1F052A05}.Debug|Any CPU.ActiveCfg = Debug|Any CPU
		{7350D039-F2B4-433F-976F-52CB1F052A05}.Debug|Any CPU.Build.0 = Debug|Any CPU
		{7350D039-F2B4-433F-976F-52CB1F052A05}.Release|Any CPU.ActiveCfg = Release|Any CPU
		{7350D039-F2B4-433F-976F-52CB1F052A05}.Release|Any CPU.Build.0 = Release|Any CPU
	EndGlobalSection
	GlobalSection(SolutionProperties) = preSolution
		HideSolutionNode = FALSE
	EndGlobalSection
	GlobalSection(ExtensibilityGlobals) = postSolution
		SolutionGuid = {1E3D69C4-5DAD-4D74-87EA-751DD6CD0E1F}
	EndGlobalSection
EndGlobal
